
Microsoft Visual Studio Solution File, Format Version 12.00
# Visual Studio Version 16
VisualStudioVersion = 16.0.29009.5
MinimumVisualStudioVersion = 10.0.40219.1
Project("{FAE04EC0-301F-11D3-BF4B-00C04F79EFBC}") = "WebApplicationRestSecurity", "WebApplicationRestSecurity\WebApplicationRestSecurity.csproj", "{FBD6070F-F6E3-4A98-9809-C0382E64910A}"
EndProject
Global
	GlobalSection(SolutionConfigurationPlatforms) = preSolution
		Debug|Any CPU = Debug|Any CPU
		Release|Any CPU = Release|Any CPU
	EndGlobalSection
	GlobalSection(ProjectConfigurationPlatforms) = postSolution
		{FBD6070F-F6E3-4A98-9809-C0382E64910A}.Debug|Any CPU.ActiveCfg = Debug|Any CPU
		{FBD6070F-F6E3-4A98-9809-C0382E64910A}.Debug|Any CPU.Build.0 = Debug|Any CPU
		{FBD6070F-F6E3-4A98-9809-C0382E64910A}.Release|Any CPU.ActiveCfg = Release|Any CPU
		{FBD6070F-F6E3-4A98-9809-C0382E64910A}.Release|Any CPU.Build.0 = Release|Any CPU
	EndGlobalSection
	GlobalSection(SolutionProperties) = preSolution
		HideSolutionNode = FALSE
	EndGlobalSection
	GlobalSection(ExtensibilityGlobals) = postSolution
		SolutionGuid = {DCC80D3C-D64A-457D-A51C-82AE1E9EA0E7}
	EndGlobalSection
EndGlobal
